// !$*UTF8*$!
{
	archiveVersion = 1;
	classes = {
	};
	objectVersion = 48;
	objects = {

/* Begin PBXBuildFile section */
		45DEADEA1FB14B76005ACDFC /* AppDelegate.swift in Sources */ = {isa = PBXBuildFile; fileRef = 45DEADE91FB14B76005ACDFC /* AppDelegate.swift */; };
		45DEADED1FB14B76005ACDFC /* MasterDetailCoreData.xcdatamodeld in Sources */ = {isa = PBXBuildFile; fileRef = 45DEADEB1FB14B76005ACDFC /* MasterDetailCoreData.xcdatamodeld */; };
		45DEADEF1FB14B76005ACDFC /* MasterViewController.swift in Sources */ = {isa = PBXBuildFile; fileRef = 45DEADEE1FB14B76005ACDFC /* MasterViewController.swift */; };
		45DEADF11FB14B76005ACDFC /* DetailViewController.swift in Sources */ = {isa = PBXBuildFile; fileRef = 45DEADF01FB14B76005ACDFC /* DetailViewController.swift */; };
		45DEADF41FB14B76005ACDFC /* Main.storyboard in Resources */ = {isa = PBXBuildFile; fileRef = 45DEADF21FB14B76005ACDFC /* Main.storyboard */; };
		45DEADF61FB14B76005ACDFC /* Assets.xcassets in Resources */ = {isa = PBXBuildFile; fileRef = 45DEADF51FB14B76005ACDFC /* Assets.xcassets */; };
		45DEADF91FB14B76005ACDFC /* LaunchScreen.storyboard in Resources */ = {isa = PBXBuildFile; fileRef = 45DEADF71FB14B76005ACDFC /* LaunchScreen.storyboard */; };
/* End PBXBuildFile section */

/* Begin PBXFileReference section */
		45DEADE61FB14B76005ACDFC /* MasterDetailCoreData.app */ = {isa = PBXFileReference; explicitFileType = wrapper.application; includeInIndex = 0; path = MasterDetailCoreData.app; sourceTree = BUILT_PRODUCTS_DIR; };
		45DEADE91FB14B76005ACDFC /* AppDelegate.swift */ = {isa = PBXFileReference; lastKnownFileType = sourcecode.swift; path = AppDelegate.swift; sourceTree = "<group>"; };
		45DEADEC1FB14B76005ACDFC /* MasterDetailCoreData.xcdatamodel */ = {isa = PBXFileReference; lastKnownFileType = wrapper.xcdatamodel; path = MasterDetailCoreData.xcdatamodel; sourceTree = "<group>"; };
		45DEADEE1FB14B76005ACDFC /* MasterViewController.swift */ = {isa = PBXFileReference; lastKnownFileType = sourcecode.swift; path = MasterViewController.swift; sourceTree = "<group>"; };
		45DEADF01FB14B76005ACDFC /* DetailViewController.swift */ = {isa = PBXFileReference; lastKnownFileType = sourcecode.swift; path = DetailViewController.swift; sourceTree = "<group>"; };
		45DEADF31FB14B76005ACDFC /* Base */ = {isa = PBXFileReference; lastKnownFileType = file.storyboard; name = Base; path = Base.lproj/Main.storyboard; sourceTree = "<group>"; };
		45DEADF51FB14B76005ACDFC /* Assets.xcassets */ = {isa = PBXFileReference; lastKnownFileType = folder.assetcatalog; path = Assets.xcassets; sourceTree = "<group>"; };
		45DEADF81FB14B76005ACDFC /* Base */ = {isa = PBXFileReference; lastKnownFileType = file.storyboard; name = Base; path = Base.lproj/LaunchScreen.storyboard; sourceTree = "<group>"; };
		45DEADFA1FB14B76005ACDFC /* Info.plist */ = {isa = PBXFileReference; lastKnownFileType = text.plist.xml; path = Info.plist; sourceTree = "<group>"; };
/* End PBXFileReference section */

/* Begin PBXFrameworksBuildPhase section */
		45DEADE31FB14B76005ACDFC /* Frameworks */ = {
			isa = PBXFrameworksBuildPhase;
			buildActionMask = 2147483647;
			files = (
			);
			runOnlyForDeploymentPostprocessing = 0;
		};
/* End PBXFrameworksBuildPhase section */

/* Begin PBXGroup section */
		45DEADDD1FB14B76005ACDFC = {
			isa = PBXGroup;
			children = (
				45DEADE81FB14B76005ACDFC /* MasterDetailCoreData */,
				45DEADE71FB14B76005ACDFC /* Products */,
			);
			sourceTree = "<group>";
		};
		45DEADE71FB14B76005ACDFC /* Products */ = {
			isa = PBXGroup;
			children = (
				45DEADE61FB14B76005ACDFC /* MasterDetailCoreData.app */,
			);
			name = Products;
			sourceTree = "<group>";
		};
		45DEADE81FB14B76005ACDFC /* MasterDetailCoreData */ = {
			isa = PBXGroup;
			children = (
				45DEADE91FB14B76005ACDFC /* AppDelegate.swift */,
				45DEADEE1FB14B76005ACDFC /* MasterViewController.swift */,
				45DEADF01FB14B76005ACDFC /* DetailViewController.swift */,
				45DEADF21FB14B76005ACDFC /* Main.storyboard */,
				45DEADF51FB14B76005ACDFC /* Assets.xcassets */,
				45DEADF71FB14B76005ACDFC /* LaunchScreen.storyboard */,
				45DEADFA1FB14B76005ACDFC /* Info.plist */,
				45DEADEB1FB14B76005ACDFC /* MasterDetailCoreData.xcdatamodeld */,
			);
			path = MasterDetailCoreData;
			sourceTree = "<group>";
		};
/* End PBXGroup section */

/* Begin PBXNativeTarget section */
		45DEADE51FB14B76005ACDFC /* MasterDetailCoreData */ = {
			isa = PBXNativeTarget;
			buildConfigurationList = 45DEADFD1FB14B76005ACDFC /* Build configuration list for PBXNativeTarget "MasterDetailCoreData" */;
			buildPhases = (
				45DEADE21FB14B76005ACDFC /* Sources */,
				45DEADE31FB14B76005ACDFC /* Frameworks */,
				45DEADE41FB14B76005ACDFC /* Resources */,
			);
			buildRules = (
			);
			dependencies = (
			);
			name = MasterDetailCoreData;
			productName = MasterDetailCoreData;
			productReference = 45DEADE61FB14B76005ACDFC /* MasterDetailCoreData.app */;
			productType = "com.apple.product-type.application";
		};
/* End PBXNativeTarget section */

/* Begin PBXProject section */
		45DEADDE1FB14B76005ACDFC /* Project object */ = {
			isa = PBXProject;
			attributes = {
				LastSwiftUpdateCheck = 0910;
				LastUpgradeCheck = 0910;
				ORGANIZATIONNAME = "Roben Kleene";
				TargetAttributes = {
					45DEADE51FB14B76005ACDFC = {
						CreatedOnToolsVersion = 9.1;
						ProvisioningStyle = Automatic;
					};
				};
			};
			buildConfigurationList = 45DEADE11FB14B76005ACDFC /* Build configuration list for PBXProject "MasterDetailCoreData" */;
			compatibilityVersion = "Xcode 8.0";
			developmentRegion = en;
			hasScannedForEncodings = 0;
			knownRegions = (
				en,
				Base,
			);
			mainGroup = 45DEADDD1FB14B76005ACDFC;
			productRefGroup = 45DEADE71FB14B76005ACDFC /* Products */;
			projectDirPath = "";
			projectRoot = "";
			targets = (
				45DEADE51FB14B76005ACDFC /* MasterDetailCoreData */,
			);
		};
/* End PBXProject section */

/* Begin PBXResourcesBuildPhase section */
		45DEADE41FB14B76005ACDFC /* Resources */ = {
			isa = PBXResourcesBuildPhase;
			buildActionMask = 2147483647;
			files = (
				45DEADF91FB14B76005ACDFC /* LaunchScreen.storyboard in Resources */,
				45DEADF61FB14B76005ACDFC /* Assets.xcassets in Resources */,
				45DEADF41FB14B76005ACDFC /* Main.storyboard in Resources */,
			);
			runOnlyForDeploymentPostprocessing = 0;
		};
/* End PBXResourcesBuildPhase section */

/* Begin PBXSourcesBuildPhase section */
		45DEADE21FB14B76005ACDFC /* Sources */ = {
			isa = PBXSourcesBuildPhase;
			buildActionMask = 2147483647;
			files = (
				45DEADEA1FB14B76005ACDFC /* AppDelegate.swift in Sources */,
				45DEADED1FB14B76005ACDFC /* MasterDetailCoreData.xcdatamodeld in Sources */,
				45DEADEF1FB14B76005ACDFC /* MasterViewController.swift in Sources */,
				45DEADF11FB14B76005ACDFC /* DetailViewController.swift in Sources */,
			);
			runOnlyForDeploymentPostprocessing = 0;
		};
/* End PBXSourcesBuildPhase section */

/* Begin PBXVariantGroup section */
		45DEADF21FB14B76005ACDFC /* Main.storyboard */ = {
			isa = PBXVariantGroup;
			children = (
				45DEADF31FB14B76005ACDFC /* Base */,
			);
			name = Main.storyboard;
			sourceTree = "<group>";
		};
		45DEADF71FB14B76005ACDFC /* LaunchScreen.storyboard */ = {
			isa = PBXVariantGroup;
			children = (
				45DEADF81FB14B76005ACDFC /* Base */,
			);
			name = LaunchScreen.storyboard;
			sourceTree = "<group>";
		};
/* End PBXVariantGroup section */

/* Begin XCBuildConfiguration section */
		45DEADFB1FB14B76005ACDFC /* Debug */ = {
			isa = XCBuildConfiguration;
			buildSettings = {
				ALWAYS_SEARCH_USER_PATHS = NO;
				CLANG_ANALYZER_NONNULL = YES;
				CLANG_ANALYZER_NUMBER_OBJECT_CONVERSION = YES_AGGRESSIVE;
				CLANG_CXX_LANGUAGE_STANDARD = "gnu++14";
				CLANG_CXX_LIBRARY = "libc++";
				CLANG_ENABLE_MODULES = YES;
				CLANG_ENABLE_OBJC_ARC = YES;
				CLANG_WARN_BLOCK_CAPTURE_AUTORELEASING = YES;
				CLANG_WARN_BOOL_CONVERSION = YES;
				CLANG_WARN_COMMA = YES;
				CLANG_WARN_CONSTANT_CONVERSION = YES;
				CLANG_WARN_DIRECT_OBJC_ISA_USAGE = YES_ERROR;
				CLANG_WARN_DOCUMENTATION_COMMENTS = YES;
				CLANG_WARN_EMPTY_BODY = YES;
				CLANG_WARN_ENUM_CONVERSION = YES;
				CLANG_WARN_INFINITE_RECURSION = YES;
				CLANG_WARN_INT_CONVERSION = YES;
				CLANG_WARN_NON_LITERAL_NULL_CONVERSION = YES;
				CLANG_WARN_OBJC_LITERAL_CONVERSION = YES;
				CLANG_WARN_OBJC_ROOT_CLASS = YES_ERROR;
				CLANG_WARN_RANGE_LOOP_ANALYSIS = YES;
				CLANG_WARN_STRICT_PROTOTYPES = YES;
				CLANG_WARN_SUSPICIOUS_MOVE = YES;
				CLANG_WARN_UNGUARDED_AVAILABILITY = YES_AGGRESSIVE;
				CLANG_WARN_UNREACHABLE_CODE = YES;
				CLANG_WARN__DUPLICATE_METHOD_MATCH = YES;
				CODE_SIGN_IDENTITY = "iPhone Developer";
				COPY_PHASE_STRIP = NO;
				DEBUG_INFORMATION_FORMAT = dwarf;
				ENABLE_STRICT_OBJC_MSGSEND = YES;
				ENABLE_TESTABILITY = YES;
				GCC_C_LANGUAGE_STANDARD = gnu11;
				GCC_DYNAMIC_NO_PIC = NO;
				GCC_NO_COMMON_BLOCKS = YES;
				GCC_OPTIMIZATION_LEVEL = 0;
				GCC_PREPROCESSOR_DEFINITIONS = (
					"DEBUG=1",
					"$(inherited)",
				);
				GCC_WARN_64_TO_32_BIT_CONVERSION = YES;
				GCC_WARN_ABOUT_RETURN_TYPE = YES_ERROR;
				GCC_WARN_UNDECLARED_SELECTOR = YES;
				GCC_WARN_UNINITIALIZED_AUTOS = YES_AGGRESSIVE;
				GCC_WARN_UNUSED_FUNCTION = YES;
				GCC_WARN_UNUSED_VARIABLE = YES;
				IPHONEOS_DEPLOYMENT_TARGET = 11.1;
				MTL_ENABLE_DEBUG_INFO = YES;
				ONLY_ACTIVE_ARCH = YES;
				SDKROOT = iphoneos;
				SWIFT_ACTIVE_COMPILATION_CONDITIONS = DEBUG;
				SWIFT_OPTIMIZATION_LEVEL = "-Onone";
			};
			name = Debug;
		};
		45DEADFC1FB14B76005ACDFC /* Release */ = {
			isa = XCBuildConfiguration;
			buildSettings = {
				ALWAYS_SEARCH_USER_PATHS = NO;
				CLANG_ANALYZER_NONNULL = YES;
				CLANG_ANALYZER_NUMBER_OBJECT_CONVERSION = YES_AGGRESSIVE;
				CLANG_CXX_LANGUAGE_STANDARD = "gnu++14";
				CLANG_CXX_LIBRARY = "libc++";
				CLANG_ENABLE_MODULES = YES;
				CLANG_ENABLE_OBJC_ARC = YES;
				CLANG_WARN_BLOCK_CAPTURE_AUTORELEASING = YES;
				CLANG_WARN_BOOL_CONVERSION = YES;
				CLANG_WARN_COMMA = YES;
				CLANG_WARN_CONSTANT_CONVERSION = YES;
				CLANG_WARN_DIRECT_OBJC_ISA_USAGE = YES_ERROR;
				CLANG_WARN_DOCUMENTATION_COMMENTS = YES;
				CLANG_WARN_EMPTY_BODY = YES;
				CLANG_WARN_ENUM_CONVERSION = YES;
				CLANG_WARN_INFINITE_RECURSION = YES;
				CLANG_WARN_INT_CONVERSION = YES;
				CLANG_WARN_NON_LITERAL_NULL_CONVERSION = YES;
				CLANG_WARN_OBJC_LITERAL_CONVERSION = YES;
				CLANG_WARN_OBJC_ROOT_CLASS = YES_ERROR;
				CLANG_WARN_RANGE_LOOP_ANALYSIS = YES;
				CLANG_WARN_STRICT_PROTOTYPES = YES;
				CLANG_WARN_SUSPICIOUS_MOVE = YES;
				CLANG_WARN_UNGUARDED_AVAILABILITY = YES_AGGRESSIVE;
				CLANG_WARN_UNREACHABLE_CODE = YES;
				CLANG_WARN__DUPLICATE_METHOD_MATCH = YES;
				CODE_SIGN_IDENTITY = "iPhone Developer";
				COPY_PHASE_STRIP = NO;
				DEBUG_INFORMATION_FORMAT = "dwarf-with-dsym";
				ENABLE_NS_ASSERTIONS = NO;
				ENABLE_STRICT_OBJC_MSGSEND = YES;
				GCC_C_LANGUAGE_STANDARD = gnu11;
				GCC_NO_COMMON_BLOCKS = YES;
				GCC_WARN_64_TO_32_BIT_CONVERSION = YES;
				GCC_WARN_ABOUT_RETURN_TYPE = YES_ERROR;
				GCC_WARN_UNDECLARED_SELECTOR = YES;
				GCC_WARN_UNINITIALIZED_AUTOS = YES_AGGRESSIVE;
				GCC_WARN_UNUSED_FUNCTION = YES;
				GCC_WARN_UNUSED_VARIABLE = YES;
				IPHONEOS_DEPLOYMENT_TARGET = 11.1;
				MTL_ENABLE_DEBUG_INFO = NO;
				SDKROOT = iphoneos;
				SWIFT_OPTIMIZATION_LEVEL = "-Owholemodule";
				VALIDATE_PRODUCT = YES;
			};
			name = Release;
		};
		45DEADFE1FB14B76005ACDFC /* Debug */ = {
			isa = XCBuildConfiguration;
			buildSettings = {
				ASSETCATALOG_COMPILER_APPICON_NAME = AppIcon;
				CODE_SIGN_STYLE = Automatic;
				INFOPLIST_FILE = MasterDetailCoreData/Info.plist;
				LD_RUNPATH_SEARCH_PATHS = "$(inherited) @executable_path/Frameworks";
				PRODUCT_BUNDLE_IDENTIFIER = com.1percenter.MasterDetailCoreData;
				PRODUCT_NAME = "$(TARGET_NAME)";
				SWIFT_VERSION = 4.0;
				TARGETED_DEVICE_FAMILY = "1,2";
			};
			name = Debug;
		};
		45DEADFF1FB14B76005ACDFC /* Release */ = {
			isa = XCBuildConfiguration;
			buildSettings = {
				ASSETCATALOG_COMPILER_APPICON_NAME = AppIcon;
				CODE_SIGN_STYLE = Automatic;
				INFOPLIST_FILE = MasterDetailCoreData/Info.plist;
				LD_RUNPATH_SEARCH_PATHS = "$(inherited) @executable_path/Frameworks";
				PRODUCT_BUNDLE_IDENTIFIER = com.1percenter.MasterDetailCoreData;
				PRODUCT_NAME = "$(TARGET_NAME)";
				SWIFT_VERSION = 4.0;
				TARGETED_DEVICE_FAMILY = "1,2";
			};
			name = Release;
		};
/* End XCBuildConfiguration section */

/* Begin XCConfigurationList section */
		45DEADE11FB14B76005ACDFC /* Build configuration list for PBXProject "MasterDetailCoreData" */ = {
			isa = XCConfigurationList;
			buildConfigurations = (
				45DEADFB1FB14B76005ACDFC /* Debug */,
				45DEADFC1FB14B76005ACDFC /* Release */,
			);
			defaultConfigurationIsVisible = 0;
			defaultConfigurationName = Release;
		};
		45DEADFD1FB14B76005ACDFC /* Build configuration list for PBXNativeTarget "MasterDetailCoreData" */ = {
			isa = XCConfigurationList;
			buildConfigurations = (
				45DEADFE1FB14B76005ACDFC /* Debug */,
				45DEADFF1FB14B76005ACDFC /* Release */,
			);
			defaultConfigurationIsVisible = 0;
			defaultConfigurationName = Release;
		};
/* End XCConfigurationList section */

/* Begin XCVersionGroup section */
		45DEADEB1FB14B76005ACDFC /* MasterDetailCoreData.xcdatamodeld */ = {
			isa = XCVersionGroup;
			children = (
				45DEADEC1FB14B76005ACDFC /* MasterDetailCoreData.xcdatamodel */,
			);
			currentVersion = 45DEADEC1FB14B76005ACDFC /* MasterDetailCoreData.xcdatamodel */;
			path = MasterDetailCoreData.xcdatamodeld;
			sourceTree = "<group>";
			versionGroupType = wrapper.xcdatamodel;
		};
/* End XCVersionGroup section */
	};
	rootObject = 45DEADDE1FB14B76005ACDFC /* Project object */;
}
